
Microsoft Visual Studio Solution File, Format Version 12.00
# Visual Studio Version 17
VisualStudioVersion = 17.3.32825.248
MinimumVisualStudioVersion = 10.0.40219.1
Project("{FAE04EC0-301F-11D3-BF4B-00C04F79EFBC}") = "Task01", "Task01\Task01.csproj", "{F2ADBDD9-A1AD-4F52-8D58-F4ADB199BF1F}"
EndProject
Global
	GlobalSection(SolutionConfigurationPlatforms) = preSolution
		Debug|Any CPU = Debug|Any CPU
		Release|Any CPU = Release|Any CPU
	EndGlobalSection
	GlobalSection(ProjectConfigurationPlatforms) = postSolution
		{F2ADBDD9-A1AD-4F52-8D58-F4ADB199BF1F}.Debug|Any CPU.ActiveCfg = Debug|Any CPU
		{F2ADBDD9-A1AD-4F52-8D58-F4ADB199BF1F}.Debug|Any CPU.Build.0 = Debug|Any CPU
		{F2ADBDD9-A1AD-4F52-8D58-F4ADB199BF1F}.Release|Any CPU.ActiveCfg = Release|Any CPU
		{F2ADBDD9-A1AD-4F52-8D58-F4ADB199BF1F}.Release|Any CPU.Build.0 = Release|Any CPU
	EndGlobalSection
	GlobalSection(SolutionProperties) = preSolution
		HideSolutionNode = FALSE
	EndGlobalSection
	GlobalSection(ExtensibilityGlobals) = postSolution
		SolutionGuid = {75BCC84B-CA6F-418C-83FE-2DA8AAE040BD}
	EndGlobalSection
EndGlobal
